
Microsoft Visual Studio Solution File, Format Version 11.00
# Visual Studio 2010
Project("{FAE04EC0-301F-11D3-BF4B-00C04F79EFBC}") = "Assembly-CSharp", "Assembly-CSharp.csproj", "{23870fe4-ebc0-2357-7490-1c793729931c}"
EndProject
Project("{FAE04EC0-301F-11D3-BF4B-00C04F79EFBC}") = "Assembly-CSharp-firstpass", "Assembly-CSharp-firstpass.csproj", "{b4171a7a-badc-2962-d521-cbd151dc55f7}"
EndProject
Global
	GlobalSection(SolutionConfigurationPlatforms) = preSolution
		Debug|Any CPU = Debug|Any CPU
	EndGlobalSection
	GlobalSection(ProjectConfigurationPlatforms) = postSolution
		{23870fe4-ebc0-2357-7490-1c793729931c}.Debug|Any CPU.ActiveCfg = Debug|Any CPU
		{23870fe4-ebc0-2357-7490-1c793729931c}.Debug|Any CPU.Build.0 = Debug|Any CPU
		{b4171a7a-badc-2962-d521-cbd151dc55f7}.Debug|Any CPU.ActiveCfg = Debug|Any CPU
		{b4171a7a-badc-2962-d521-cbd151dc55f7}.Debug|Any CPU.Build.0 = Debug|Any CPU
	EndGlobalSection
	GlobalSection(SolutionProperties) = preSolution
		HideSolutionNode = FALSE
	EndGlobalSection
EndGlobal
